# THIS IS AN AUTOGENERATED FILE. DO NOT EDIT THIS FILE DIRECTLY.
# yarn lockfile v1


"@vant/weapp@^1.0.4":
  version "1.0.4"
  resolved "https://registry.yarnpkg.com/@vant/weapp/-/weapp-1.0.4.tgz#056cd6e98f9a95046732a76341671ebfca32b7d1"
  integrity sha512-ZM0kjqs1HQVday930EKupligTV+6VnrBhL48GofTd3jpA9cIIoYpqZ5YHh2fr7+EQqPQjReP1gEP28EHmSB0kw==
